
Microsoft Visual Studio Solution File, Format Version 12.00
# Visual Studio Version 17
VisualStudioVersion = 17.0.31903.59
MinimumVisualStudioVersion = 10.0.40219.1
Project("{2150E333-8FDC-42A3-9474-1A3956D46DE8}") = "src", "src", "{65505ECF-79CC-429A-B550-2D8E6FCA5B22}"
EndProject
Project("{2150E333-8FDC-42A3-9474-1A3956D46DE8}") = "Engine", "Engine", "{4DF425B0-B8AF-46CE-A0B7-278306B05DA6}"
EndProject
Project("{FAE04EC0-301F-11D3-BF4B-00C04F79EFBC}") = "FactoryEngine.Core", "src\Engine\FactoryEngine.Core\FactoryEngine.Core.csproj", "{38EEB6B3-1AC6-43B5-93E6-1755354044CC}"
EndProject
Project("{FAE04EC0-301F-11D3-BF4B-00C04F79EFBC}") = "FactoryEngine.Core.Tests", "src\Engine\FactoryEngine.Core.Tests\FactoryEngine.Core.Tests.csproj", "{DBC741AE-76B9-4CD8-A9AB-DDB02420C669}"
EndProject
Project("{2150E333-8FDC-42A3-9474-1A3956D46DE8}") = "Tools", "Tools", "{71A12DDE-9621-43F4-989E-52BAC515F588}"
EndProject
Project("{FAE04EC0-301F-11D3-BF4B-00C04F79EFBC}") = "FeTools", "src\Tools\FeTools\FeTools.csproj", "{82176715-DA66-46F6-BC36-03CBD280389C}"
EndProject
Project("{FAE04EC0-301F-11D3-BF4B-00C04F79EFBC}") = "FeTools.Tests", "src\Tools\FeTools.Tests\FeTools.Tests.csproj", "{E006AF3E-FAF3-431F-A6E7-558F4787B02E}"
EndProject
Project("{2150E333-8FDC-42A3-9474-1A3956D46DE8}") = "Samples", "Samples", "{2C5BC1CB-2783-4A3F-9B10-F19239E8459F}"
EndProject
Project("{FAE04EC0-301F-11D3-BF4B-00C04F79EFBC}") = "FactoryPlatformer", "src\Samples\FactoryPlatformer\FactoryPlatformer.csproj", "{D26CAD51-86DC-4D85-972F-0F14C1CE4931}"
EndProject
Project("{FAE04EC0-301F-11D3-BF4B-00C04F79EFBC}") = "FactoryPlatformer.Tests", "src\Samples\FactoryPlatformer.Tests\FactoryPlatformer.Tests.csproj", "{98C9EA4F-4DBB-4039-9CC7-59B573200B58}"
EndProject
Global
	GlobalSection(SolutionConfigurationPlatforms) = preSolution
		Debug|Any CPU = Debug|Any CPU
		Release|Any CPU = Release|Any CPU
	EndGlobalSection
	GlobalSection(SolutionProperties) = preSolution
		HideSolutionNode = FALSE
	EndGlobalSection
	GlobalSection(ProjectConfigurationPlatforms) = postSolution
		{38EEB6B3-1AC6-43B5-93E6-1755354044CC}.Debug|Any CPU.ActiveCfg = Debug|Any CPU
		{38EEB6B3-1AC6-43B5-93E6-1755354044CC}.Debug|Any CPU.Build.0 = Debug|Any CPU
		{38EEB6B3-1AC6-43B5-93E6-1755354044CC}.Release|Any CPU.ActiveCfg = Release|Any CPU
		{38EEB6B3-1AC6-43B5-93E6-1755354044CC}.Release|Any CPU.Build.0 = Release|Any CPU
		{DBC741AE-76B9-4CD8-A9AB-DDB02420C669}.Debug|Any CPU.ActiveCfg = Debug|Any CPU
		{DBC741AE-76B9-4CD8-A9AB-DDB02420C669}.Debug|Any CPU.Build.0 = Debug|Any CPU
		{DBC741AE-76B9-4CD8-A9AB-DDB02420C669}.Release|Any CPU.ActiveCfg = Release|Any CPU
		{DBC741AE-76B9-4CD8-A9AB-DDB02420C669}.Release|Any CPU.Build.0 = Release|Any CPU
		{82176715-DA66-46F6-BC36-03CBD280389C}.Debug|Any CPU.ActiveCfg = Debug|Any CPU
		{82176715-DA66-46F6-BC36-03CBD280389C}.Debug|Any CPU.Build.0 = Debug|Any CPU
		{82176715-DA66-46F6-BC36-03CBD280389C}.Release|Any CPU.ActiveCfg = Release|Any CPU
		{82176715-DA66-46F6-BC36-03CBD280389C}.Release|Any CPU.Build.0 = Release|Any CPU
		{E006AF3E-FAF3-431F-A6E7-558F4787B02E}.Debug|Any CPU.ActiveCfg = Debug|Any CPU
		{E006AF3E-FAF3-431F-A6E7-558F4787B02E}.Debug|Any CPU.Build.0 = Debug|Any CPU
		{E006AF3E-FAF3-431F-A6E7-558F4787B02E}.Release|Any CPU.ActiveCfg = Release|Any CPU
		{E006AF3E-FAF3-431F-A6E7-558F4787B02E}.Release|Any CPU.Build.0 = Release|Any CPU
		{D26CAD51-86DC-4D85-972F-0F14C1CE4931}.Debug|Any CPU.ActiveCfg = Debug|Any CPU
		{D26CAD51-86DC-4D85-972F-0F14C1CE4931}.Debug|Any CPU.Build.0 = Debug|Any CPU
		{D26CAD51-86DC-4D85-972F-0F14C1CE4931}.Release|Any CPU.ActiveCfg = Release|Any CPU
		{D26CAD51-86DC-4D85-972F-0F14C1CE4931}.Release|Any CPU.Build.0 = Release|Any CPU
		{98C9EA4F-4DBB-4039-9CC7-59B573200B58}.Debug|Any CPU.ActiveCfg = Debug|Any CPU
		{98C9EA4F-4DBB-4039-9CC7-59B573200B58}.Debug|Any CPU.Build.0 = Debug|Any CPU
		{98C9EA4F-4DBB-4039-9CC7-59B573200B58}.Release|Any CPU.ActiveCfg = Release|Any CPU
		{98C9EA4F-4DBB-4039-9CC7-59B573200B58}.Release|Any CPU.Build.0 = Release|Any CPU
	EndGlobalSection
	GlobalSection(NestedProjects) = preSolution
		{4DF425B0-B8AF-46CE-A0B7-278306B05DA6} = {65505ECF-79CC-429A-B550-2D8E6FCA5B22}
		{38EEB6B3-1AC6-43B5-93E6-1755354044CC} = {4DF425B0-B8AF-46CE-A0B7-278306B05DA6}
		{DBC741AE-76B9-4CD8-A9AB-DDB02420C669} = {4DF425B0-B8AF-46CE-A0B7-278306B05DA6}
		{71A12DDE-9621-43F4-989E-52BAC515F588} = {65505ECF-79CC-429A-B550-2D8E6FCA5B22}
		{82176715-DA66-46F6-BC36-03CBD280389C} = {71A12DDE-9621-43F4-989E-52BAC515F588}
		{E006AF3E-FAF3-431F-A6E7-558F4787B02E} = {71A12DDE-9621-43F4-989E-52BAC515F588}
		{2C5BC1CB-2783-4A3F-9B10-F19239E8459F} = {65505ECF-79CC-429A-B550-2D8E6FCA5B22}
		{D26CAD51-86DC-4D85-972F-0F14C1CE4931} = {2C5BC1CB-2783-4A3F-9B10-F19239E8459F}
		{98C9EA4F-4DBB-4039-9CC7-59B573200B58} = {2C5BC1CB-2783-4A3F-9B10-F19239E8459F}
	EndGlobalSection
EndGlobal
